
Microsoft Visual Studio Solution File, Format Version 12.00
# Visual Studio Version 16
VisualStudioVersion = 16.0.29123.88
MinimumVisualStudioVersion = 10.0.40219.1
Project("{FAE04EC0-301F-11D3-BF4B-00C04F79EFBC}") = "Microhard", "Microhard\Microhard.csproj", "{C8A7E231-841E-4A70-9E82-EBF0BD854280}"
EndProject
Global
	GlobalSection(SolutionConfigurationPlatforms) = preSolution
		Debug|Any CPU = Debug|Any CPU
		Release|Any CPU = Release|Any CPU
	EndGlobalSection
	GlobalSection(ProjectConfigurationPlatforms) = postSolution
		{C8A7E231-841E-4A70-9E82-EBF0BD854280}.Debug|Any CPU.ActiveCfg = Debug|Any CPU
		{C8A7E231-841E-4A70-9E82-EBF0BD854280}.Debug|Any CPU.Build.0 = Debug|Any CPU
		{C8A7E231-841E-4A70-9E82-EBF0BD854280}.Release|Any CPU.ActiveCfg = Release|Any CPU
		{C8A7E231-841E-4A70-9E82-EBF0BD854280}.Release|Any CPU.Build.0 = Release|Any CPU
	EndGlobalSection
	GlobalSection(SolutionProperties) = preSolution
		HideSolutionNode = FALSE
	EndGlobalSection
	GlobalSection(ExtensibilityGlobals) = postSolution
		SolutionGuid = {29A295D7-2E5B-41F9-9D0D-B2D234B06075}
	EndGlobalSection
EndGlobal
